// !$*UTF8*$!
{
	archiveVersion = 1;
	classes = {
	};
	objectVersion = 56;
	objects = {

/* Begin PBXBuildFile section */
		2B8C29E129EF028300EC5167 /* CurrencyConverterApp.swift in Sources */ = {isa = PBXBuildFile; fileRef = 2B8C29E029EF028300EC5167 /* CurrencyConverterApp.swift */; };
		2B8C29E329EF028300EC5167 /* ContentView.swift in Sources */ = {isa = PBXBuildFile; fileRef = 2B8C29E229EF028300EC5167 /* ContentView.swift */; };
		2B8C29E529EF028400EC5167 /* Assets.xcassets in Resources */ = {isa = PBXBuildFile; fileRef = 2B8C29E429EF028400EC5167 /* Assets.xcassets */; };
		2B8C29E829EF028400EC5167 /* Preview Assets.xcassets in Resources */ = {isa = PBXBuildFile; fileRef = 2B8C29E729EF028400EC5167 /* Preview Assets.xcassets */; };
		2B8C29F229EF028400EC5167 /* CurrencyConverterTests.swift in Sources */ = {isa = PBXBuildFile; fileRef = 2B8C29F129EF028400EC5167 /* CurrencyConverterTests.swift */; };
		2B8C29FC29EF028400EC5167 /* CurrencyConverterUITests.swift in Sources */ = {isa = PBXBuildFile; fileRef = 2B8C29FB29EF028400EC5167 /* CurrencyConverterUITests.swift */; };
		2B8C29FE29EF028400EC5167 /* CurrencyConverterUITestsLaunchTests.swift in Sources */ = {isa = PBXBuildFile; fileRef = 2B8C29FD29EF028400EC5167 /* CurrencyConverterUITestsLaunchTests.swift */; };
/* End PBXBuildFile section */

/* Begin PBXContainerItemProxy section */
		2B8C29EE29EF028400EC5167 /* PBXContainerItemProxy */ = {
			isa = PBXContainerItemProxy;
			containerPortal = 2B8C29D529EF028300EC5167 /* Project object */;
			proxyType = 1;
			remoteGlobalIDString = 2B8C29DC29EF028300EC5167;
			remoteInfo = CurrencyConverter;
		};
		2B8C29F829EF028400EC5167 /* PBXContainerItemProxy */ = {
			isa = PBXContainerItemProxy;
			containerPortal = 2B8C29D529EF028300EC5167 /* Project object */;
			proxyType = 1;
			remoteGlobalIDString = 2B8C29DC29EF028300EC5167;
			remoteInfo = CurrencyConverter;
		};
/* End PBXContainerItemProxy section */

/* Begin PBXFileReference section */
		2B8C29DD29EF028300EC5167 /* CurrencyConverter.app */ = {isa = PBXFileReference; explicitFileType = wrapper.application; includeInIndex = 0; path = CurrencyConverter.app; sourceTree = BUILT_PRODUCTS_DIR; };
		2B8C29E029EF028300EC5167 /* CurrencyConverterApp.swift */ = {isa = PBXFileReference; lastKnownFileType = sourcecode.swift; path = CurrencyConverterApp.swift; sourceTree = "<group>"; };
		2B8C29E229EF028300EC5167 /* ContentView.swift */ = {isa = PBXFileReference; lastKnownFileType = sourcecode.swift; path = ContentView.swift; sourceTree = "<group>"; };
		2B8C29E429EF028400EC5167 /* Assets.xcassets */ = {isa = PBXFileReference; lastKnownFileType = folder.assetcatalog; path = Assets.xcassets; sourceTree = "<group>"; };
		2B8C29E729EF028400EC5167 /* Preview Assets.xcassets */ = {isa = PBXFileReference; lastKnownFileType = folder.assetcatalog; path = "Preview Assets.xcassets"; sourceTree = "<group>"; };
		2B8C29ED29EF028400EC5167 /* CurrencyConverterTests.xctest */ = {isa = PBXFileReference; explicitFileType = wrapper.cfbundle; includeInIndex = 0; path = CurrencyConverterTests.xctest; sourceTree = BUILT_PRODUCTS_DIR; };
		2B8C29F129EF028400EC5167 /* CurrencyConverterTests.swift */ = {isa = PBXFileReference; lastKnownFileType = sourcecode.swift; path = CurrencyConverterTests.swift; sourceTree = "<group>"; };
		2B8C29F729EF028400EC5167 /* CurrencyConverterUITests.xctest */ = {isa = PBXFileReference; explicitFileType = wrapper.cfbundle; includeInIndex = 0; path = CurrencyConverterUITests.xctest; sourceTree = BUILT_PRODUCTS_DIR; };
		2B8C29FB29EF028400EC5167 /* CurrencyConverterUITests.swift */ = {isa = PBXFileReference; lastKnownFileType = sourcecode.swift; path = CurrencyConverterUITests.swift; sourceTree = "<group>"; };
		2B8C29FD29EF028400EC5167 /* CurrencyConverterUITestsLaunchTests.swift */ = {isa = PBXFileReference; lastKnownFileType = sourcecode.swift; path = CurrencyConverterUITestsLaunchTests.swift; sourceTree = "<group>"; };
/* End PBXFileReference section */

/* Begin PBXFrameworksBuildPhase section */
		2B8C29DA29EF028300EC5167 /* Frameworks */ = {
			isa = PBXFrameworksBuildPhase;
			buildActionMask = 2147483647;
			files = (
			);
			runOnlyForDeploymentPostprocessing = 0;
		};
		2B8C29EA29EF028400EC5167 /* Frameworks */ = {
			isa = PBXFrameworksBuildPhase;
			buildActionMask = 2147483647;
			files = (
			);
			runOnlyForDeploymentPostprocessing = 0;
		};
		2B8C29F429EF028400EC5167 /* Frameworks */ = {
			isa = PBXFrameworksBuildPhase;
			buildActionMask = 2147483647;
			files = (
			);
			runOnlyForDeploymentPostprocessing = 0;
		};
/* End PBXFrameworksBuildPhase section */

/* Begin PBXGroup section */
		2B8C29D429EF028300EC5167 = {
			isa = PBXGroup;
			children = (
				2B8C29DF29EF028300EC5167 /* CurrencyConverter */,
				2B8C29F029EF028400EC5167 /* CurrencyConverterTests */,
				2B8C29FA29EF028400EC5167 /* CurrencyConverterUITests */,
				2B8C29DE29EF028300EC5167 /* Products */,
			);
			sourceTree = "<group>";
		};
		2B8C29DE29EF028300EC5167 /* Products */ = {
			isa = PBXGroup;
			children = (
				2B8C29DD29EF028300EC5167 /* CurrencyConverter.app */,
				2B8C29ED29EF028400EC5167 /* CurrencyConverterTests.xctest */,
				2B8C29F729EF028400EC5167 /* CurrencyConverterUITests.xctest */,
			);
			name = Products;
			sourceTree = "<group>";
		};
		2B8C29DF29EF028300EC5167 /* CurrencyConverter */ = {
			isa = PBXGroup;
			children = (
				2B8C29E029EF028300EC5167 /* CurrencyConverterApp.swift */,
				2B8C29E229EF028300EC5167 /* ContentView.swift */,
				2B8C29E429EF028400EC5167 /* Assets.xcassets */,
				2B8C29E629EF028400EC5167 /* Preview Content */,
			);
			path = CurrencyConverter;
			sourceTree = "<group>";
		};
		2B8C29E629EF028400EC5167 /* Preview Content */ = {
			isa = PBXGroup;
			children = (
				2B8C29E729EF028400EC5167 /* Preview Assets.xcassets */,
			);
			path = "Preview Content";
			sourceTree = "<group>";
		};
		2B8C29F029EF028400EC5167 /* CurrencyConverterTests */ = {
			isa = PBXGroup;
			children = (
				2B8C29F129EF028400EC5167 /* CurrencyConverterTests.swift */,
			);
			path = CurrencyConverterTests;
			sourceTree = "<group>";
		};
		2B8C29FA29EF028400EC5167 /* CurrencyConverterUITests */ = {
			isa = PBXGroup;
			children = (
				2B8C29FB29EF028400EC5167 /* CurrencyConverterUITests.swift */,
				2B8C29FD29EF028400EC5167 /* CurrencyConverterUITestsLaunchTests.swift */,
			);
			path = CurrencyConverterUITests;
			sourceTree = "<group>";
		};
/* End PBXGroup section */

/* Begin PBXNativeTarget section */
		2B8C29DC29EF028300EC5167 /* CurrencyConverter */ = {
			isa = PBXNativeTarget;
			buildConfigurationList = 2B8C2A0129EF028400EC5167 /* Build configuration list for PBXNativeTarget "CurrencyConverter" */;
			buildPhases = (
				2B8C29D929EF028300EC5167 /* Sources */,
				2B8C29DA29EF028300EC5167 /* Frameworks */,
				2B8C29DB29EF028300EC5167 /* Resources */,
			);
			buildRules = (
			);
			dependencies = (
			);
			name = CurrencyConverter;
			productName = CurrencyConverter;
			productReference = 2B8C29DD29EF028300EC5167 /* CurrencyConverter.app */;
			productType = "com.apple.product-type.application";
		};
		2B8C29EC29EF028400EC5167 /* CurrencyConverterTests */ = {
			isa = PBXNativeTarget;
			buildConfigurationList = 2B8C2A0429EF028400EC5167 /* Build configuration list for PBXNativeTarget "CurrencyConverterTests" */;
			buildPhases = (
				2B8C29E929EF028400EC5167 /* Sources */,
				2B8C29EA29EF028400EC5167 /* Frameworks */,
				2B8C29EB29EF028400EC5167 /* Resources */,
			);
			buildRules = (
			);
			dependencies = (
				2B8C29EF29EF028400EC5167 /* PBXTargetDependency */,
			);
			name = CurrencyConverterTests;
			productName = CurrencyConverterTests;
			productReference = 2B8C29ED29EF028400EC5167 /* CurrencyConverterTests.xctest */;
			productType = "com.apple.product-type.bundle.unit-test";
		};
		2B8C29F629EF028400EC5167 /* CurrencyConverterUITests */ = {
			isa = PBXNativeTarget;
			buildConfigurationList = 2B8C2A0729EF028400EC5167 /* Build configuration list for PBXNativeTarget "CurrencyConverterUITests" */;
			buildPhases = (
				2B8C29F329EF028400EC5167 /* Sources */,
				2B8C29F429EF028400EC5167 /* Frameworks */,
				2B8C29F529EF028400EC5167 /* Resources */,
			);
			buildRules = (
			);
			dependencies = (
				2B8C29F929EF028400EC5167 /* PBXTargetDependency */,
			);
			name = CurrencyConverterUITests;
			productName = CurrencyConverterUITests;
			productReference = 2B8C29F729EF028400EC5167 /* CurrencyConverterUITests.xctest */;
			productType = "com.apple.product-type.bundle.ui-testing";
		};
/* End PBXNativeTarget section */

/* Begin PBXProject section */
		2B8C29D529EF028300EC5167 /* Project object */ = {
			isa = PBXProject;
			attributes = {
				BuildIndependentTargetsInParallel = 1;
				LastSwiftUpdateCheck = 1410;
				LastUpgradeCheck = 1410;
				TargetAttributes = {
					2B8C29DC29EF028300EC5167 = {
						CreatedOnToolsVersion = 14.1;
					};
					2B8C29EC29EF028400EC5167 = {
						CreatedOnToolsVersion = 14.1;
						TestTargetID = 2B8C29DC29EF028300EC5167;
					};
					2B8C29F629EF028400EC5167 = {
						CreatedOnToolsVersion = 14.1;
						TestTargetID = 2B8C29DC29EF028300EC5167;
					};
				};
			};
			buildConfigurationList = 2B8C29D829EF028300EC5167 /* Build configuration list for PBXProject "CurrencyConverter" */;
			compatibilityVersion = "Xcode 14.0";
			developmentRegion = en;
			hasScannedForEncodings = 0;
			knownRegions = (
				en,
				Base,
			);
			mainGroup = 2B8C29D429EF028300EC5167;
			productRefGroup = 2B8C29DE29EF028300EC5167 /* Products */;
			projectDirPath = "";
			projectRoot = "";
			targets = (
				2B8C29DC29EF028300EC5167 /* CurrencyConverter */,
				2B8C29EC29EF028400EC5167 /* CurrencyConverterTests */,
				2B8C29F629EF028400EC5167 /* CurrencyConverterUITests */,
			);
		};
/* End PBXProject section */

/* Begin PBXResourcesBuildPhase section */
		2B8C29DB29EF028300EC5167 /* Resources */ = {
			isa = PBXResourcesBuildPhase;
			buildActionMask = 2147483647;
			files = (
				2B8C29E829EF028400EC5167 /* Preview Assets.xcassets in Resources */,
				2B8C29E529EF028400EC5167 /* Assets.xcassets in Resources */,
			);
			runOnlyForDeploymentPostprocessing = 0;
		};
		2B8C29EB29EF028400EC5167 /* Resources */ = {
			isa = PBXResourcesBuildPhase;
			buildActionMask = 2147483647;
			files = (
			);
			runOnlyForDeploymentPostprocessing = 0;
		};
		2B8C29F529EF028400EC5167 /* Resources */ = {
			isa = PBXResourcesBuildPhase;
			buildActionMask = 2147483647;
			files = (
			);
			runOnlyForDeploymentPostprocessing = 0;
		};
/* End PBXResourcesBuildPhase section */

/* Begin PBXSourcesBuildPhase section */
		2B8C29D929EF028300EC5167 /* Sources */ = {
			isa = PBXSourcesBuildPhase;
			buildActionMask = 2147483647;
			files = (
				2B8C29E329EF028300EC5167 /* ContentView.swift in Sources */,
				2B8C29E129EF028300EC5167 /* CurrencyConverterApp.swift in Sources */,
			);
			runOnlyForDeploymentPostprocessing = 0;
		};
		2B8C29E929EF028400EC5167 /* Sources */ = {
			isa = PBXSourcesBuildPhase;
			buildActionMask = 2147483647;
			files = (
				2B8C29F229EF028400EC5167 /* CurrencyConverterTests.swift in Sources */,
			);
			runOnlyForDeploymentPostprocessing = 0;
		};
		2B8C29F329EF028400EC5167 /* Sources */ = {
			isa = PBXSourcesBuildPhase;
			buildActionMask = 2147483647;
			files = (
				2B8C29FE29EF028400EC5167 /* CurrencyConverterUITestsLaunchTests.swift in Sources */,
				2B8C29FC29EF028400EC5167 /* CurrencyConverterUITests.swift in Sources */,
			);
			runOnlyForDeploymentPostprocessing = 0;
		};
/* End PBXSourcesBuildPhase section */

/* Begin PBXTargetDependency section */
		2B8C29EF29EF028400EC5167 /* PBXTargetDependency */ = {
			isa = PBXTargetDependency;
			target = 2B8C29DC29EF028300EC5167 /* CurrencyConverter */;
			targetProxy = 2B8C29EE29EF028400EC5167 /* PBXContainerItemProxy */;
		};
		2B8C29F929EF028400EC5167 /* PBXTargetDependency */ = {
			isa = PBXTargetDependency;
			target = 2B8C29DC29EF028300EC5167 /* CurrencyConverter */;
			targetProxy = 2B8C29F829EF028400EC5167 /* PBXContainerItemProxy */;
		};
/* End PBXTargetDependency section */

/* Begin XCBuildConfiguration section */
		2B8C29FF29EF028400EC5167 /* Debug */ = {
			isa = XCBuildConfiguration;
			buildSettings = {
				ALWAYS_SEARCH_USER_PATHS = NO;
				CLANG_ANALYZER_NONNULL = YES;
				CLANG_ANALYZER_NUMBER_OBJECT_CONVERSION = YES_AGGRESSIVE;
				CLANG_CXX_LANGUAGE_STANDARD = "gnu++20";
				CLANG_ENABLE_MODULES = YES;
				CLANG_ENABLE_OBJC_ARC = YES;
				CLANG_ENABLE_OBJC_WEAK = YES;
				CLANG_WARN_BLOCK_CAPTURE_AUTORELEASING = YES;
				CLANG_WARN_BOOL_CONVERSION = YES;
				CLANG_WARN_COMMA = YES;
				CLANG_WARN_CONSTANT_CONVERSION = YES;
				CLANG_WARN_DEPRECATED_OBJC_IMPLEMENTATIONS = YES;
				CLANG_WARN_DIRECT_OBJC_ISA_USAGE = YES_ERROR;
				CLANG_WARN_DOCUMENTATION_COMMENTS = YES;
				CLANG_WARN_EMPTY_BODY = YES;
				CLANG_WARN_ENUM_CONVERSION = YES;
				CLANG_WARN_INFINITE_RECURSION = YES;
				CLANG_WARN_INT_CONVERSION = YES;
				CLANG_WARN_NON_LITERAL_NULL_CONVERSION = YES;
				CLANG_WARN_OBJC_IMPLICIT_RETAIN_SELF = YES;
				CLANG_WARN_OBJC_LITERAL_CONVERSION = YES;
				CLANG_WARN_OBJC_ROOT_CLASS = YES_ERROR;
				CLANG_WARN_QUOTED_INCLUDE_IN_FRAMEWORK_HEADER = YES;
				CLANG_WARN_RANGE_LOOP_ANALYSIS = YES;
				CLANG_WARN_STRICT_PROTOTYPES = YES;
				CLANG_WARN_SUSPICIOUS_MOVE = YES;
				CLANG_WARN_UNGUARDED_AVAILABILITY = YES_AGGRESSIVE;
				CLANG_WARN_UNREACHABLE_CODE = YES;
				CLANG_WARN__DUPLICATE_METHOD_MATCH = YES;
				COPY_PHASE_STRIP = NO;
				DEBUG_INFORMATION_FORMAT = dwarf;
				ENABLE_STRICT_OBJC_MSGSEND = YES;
				ENABLE_TESTABILITY = YES;
				GCC_C_LANGUAGE_STANDARD = gnu11;
				GCC_DYNAMIC_NO_PIC = NO;
				GCC_NO_COMMON_BLOCKS = YES;
				GCC_OPTIMIZATION_LEVEL = 0;
				GCC_PREPROCESSOR_DEFINITIONS = (
					"DEBUG=1",
					"$(inherited)",
				);
				GCC_WARN_64_TO_32_BIT_CONVERSION = YES;
				GCC_WARN_ABOUT_RETURN_TYPE = YES_ERROR;
				GCC_WARN_UNDECLARED_SELECTOR = YES;
				GCC_WARN_UNINITIALIZED_AUTOS = YES_AGGRESSIVE;
				GCC_WARN_UNUSED_FUNCTION = YES;
				GCC_WARN_UNUSED_VARIABLE = YES;
				IPHONEOS_DEPLOYMENT_TARGET = 16.1;
				MTL_ENABLE_DEBUG_INFO = INCLUDE_SOURCE;
				MTL_FAST_MATH = YES;
				ONLY_ACTIVE_ARCH = YES;
				SDKROOT = iphoneos;
				SWIFT_ACTIVE_COMPILATION_CONDITIONS = DEBUG;
				SWIFT_OPTIMIZATION_LEVEL = "-Onone";
			};
			name = Debug;
		};
		2B8C2A0029EF028400EC5167 /* Release */ = {
			isa = XCBuildConfiguration;
			buildSettings = {
				ALWAYS_SEARCH_USER_PATHS = NO;
				CLANG_ANALYZER_NONNULL = YES;
				CLANG_ANALYZER_NUMBER_OBJECT_CONVERSION = YES_AGGRESSIVE;
				CLANG_CXX_LANGUAGE_STANDARD = "gnu++20";
				CLANG_ENABLE_MODULES = YES;
				CLANG_ENABLE_OBJC_ARC = YES;
				CLANG_ENABLE_OBJC_WEAK = YES;
				CLANG_WARN_BLOCK_CAPTURE_AUTORELEASING = YES;
				CLANG_WARN_BOOL_CONVERSION = YES;
				CLANG_WARN_COMMA = YES;
				CLANG_WARN_CONSTANT_CONVERSION = YES;
				CLANG_WARN_DEPRECATED_OBJC_IMPLEMENTATIONS = YES;
				CLANG_WARN_DIRECT_OBJC_ISA_USAGE = YES_ERROR;
				CLANG_WARN_DOCUMENTATION_COMMENTS = YES;
				CLANG_WARN_EMPTY_BODY = YES;
				CLANG_WARN_ENUM_CONVERSION = YES;
				CLANG_WARN_INFINITE_RECURSION = YES;
				CLANG_WARN_INT_CONVERSION = YES;
				CLANG_WARN_NON_LITERAL_NULL_CONVERSION = YES;
				CLANG_WARN_OBJC_IMPLICIT_RETAIN_SELF = YES;
				CLANG_WARN_OBJC_LITERAL_CONVERSION = YES;
				CLANG_WARN_OBJC_ROOT_CLASS = YES_ERROR;
				CLANG_WARN_QUOTED_INCLUDE_IN_FRAMEWORK_HEADER = YES;
				CLANG_WARN_RANGE_LOOP_ANALYSIS = YES;
				CLANG_WARN_STRICT_PROTOTYPES = YES;
				CLANG_WARN_SUSPICIOUS_MOVE = YES;
				CLANG_WARN_UNGUARDED_AVAILABILITY = YES_AGGRESSIVE;
				CLANG_WARN_UNREACHABLE_CODE = YES;
				CLANG_WARN__DUPLICATE_METHOD_MATCH = YES;
				COPY_PHASE_STRIP = NO;
				DEBUG_INFORMATION_FORMAT = "dwarf-with-dsym";
				ENABLE_NS_ASSERTIONS = NO;
				ENABLE_STRICT_OBJC_MSGSEND = YES;
				GCC_C_LANGUAGE_STANDARD = gnu11;
				GCC_NO_COMMON_BLOCKS = YES;
				GCC_WARN_64_TO_32_BIT_CONVERSION = YES;
				GCC_WARN_ABOUT_RETURN_TYPE = YES_ERROR;
				GCC_WARN_UNDECLARED_SELECTOR = YES;
				GCC_WARN_UNINITIALIZED_AUTOS = YES_AGGRESSIVE;
				GCC_WARN_UNUSED_FUNCTION = YES;
				GCC_WARN_UNUSED_VARIABLE = YES;
				IPHONEOS_DEPLOYMENT_TARGET = 16.1;
				MTL_ENABLE_DEBUG_INFO = NO;
				MTL_FAST_MATH = YES;
				SDKROOT = iphoneos;
				SWIFT_COMPILATION_MODE = wholemodule;
				SWIFT_OPTIMIZATION_LEVEL = "-O";
				VALIDATE_PRODUCT = YES;
			};
			name = Release;
		};
		2B8C2A0229EF028400EC5167 /* Debug */ = {
			isa = XCBuildConfiguration;
			buildSettings = {
				ASSETCATALOG_COMPILER_APPICON_NAME = AppIcon;
				ASSETCATALOG_COMPILER_GLOBAL_ACCENT_COLOR_NAME = AccentColor;
				CODE_SIGN_STYLE = Automatic;
				CURRENT_PROJECT_VERSION = 1;
				DEVELOPMENT_ASSET_PATHS = "\"CurrencyConverter/Preview Content\"";
				ENABLE_PREVIEWS = YES;
				GENERATE_INFOPLIST_FILE = YES;
				INFOPLIST_KEY_UIApplicationSceneManifest_Generation = YES;
				INFOPLIST_KEY_UIApplicationSupportsIndirectInputEvents = YES;
				INFOPLIST_KEY_UILaunchScreen_Generation = YES;
				INFOPLIST_KEY_UISupportedInterfaceOrientations_iPad = "UIInterfaceOrientationPortrait UIInterfaceOrientationPortraitUpsideDown UIInterfaceOrientationLandscapeLeft UIInterfaceOrientationLandscapeRight";
				INFOPLIST_KEY_UISupportedInterfaceOrientations_iPhone = "UIInterfaceOrientationPortrait UIInterfaceOrientationLandscapeLeft UIInterfaceOrientationLandscapeRight";
				LD_RUNPATH_SEARCH_PATHS = (
					"$(inherited)",
					"@executable_path/Frameworks",
				);
				MARKETING_VERSION = 1.0;
				PRODUCT_BUNDLE_IDENTIFIER = com.tarikvillalobos.CurrencyConverter;
				PRODUCT_NAME = "$(TARGET_NAME)";
				SWIFT_EMIT_LOC_STRINGS = YES;
				SWIFT_VERSION = 5.0;
				TARGETED_DEVICE_FAMILY = "1,2";
			};
			name = Debug;
		};
		2B8C2A0329EF028400EC5167 /* Release */ = {
			isa = XCBuildConfiguration;
			buildSettings = {
				ASSETCATALOG_COMPILER_APPICON_NAME = AppIcon;
				ASSETCATALOG_COMPILER_GLOBAL_ACCENT_COLOR_NAME = AccentColor;
				CODE_SIGN_STYLE = Automatic;
				CURRENT_PROJECT_VERSION = 1;
				DEVELOPMENT_ASSET_PATHS = "\"CurrencyConverter/Preview Content\"";
				ENABLE_PREVIEWS = YES;
				GENERATE_INFOPLIST_FILE = YES;
				INFOPLIST_KEY_UIApplicationSceneManifest_Generation = YES;
				INFOPLIST_KEY_UIApplicationSupportsIndirectInputEvents = YES;
				INFOPLIST_KEY_UILaunchScreen_Generation = YES;
				INFOPLIST_KEY_UISupportedInterfaceOrientations_iPad = "UIInterfaceOrientationPortrait UIInterfaceOrientationPortraitUpsideDown UIInterfaceOrientationLandscapeLeft UIInterfaceOrientationLandscapeRight";
				INFOPLIST_KEY_UISupportedInterfaceOrientations_iPhone = "UIInterfaceOrientationPortrait UIInterfaceOrientationLandscapeLeft UIInterfaceOrientationLandscapeRight";
				LD_RUNPATH_SEARCH_PATHS = (
					"$(inherited)",
					"@executable_path/Frameworks",
				);
				MARKETING_VERSION = 1.0;
				PRODUCT_BUNDLE_IDENTIFIER = com.tarikvillalobos.CurrencyConverter;
				PRODUCT_NAME = "$(TARGET_NAME)";
				SWIFT_EMIT_LOC_STRINGS = YES;
				SWIFT_VERSION = 5.0;
				TARGETED_DEVICE_FAMILY = "1,2";
			};
			name = Release;
		};
		2B8C2A0529EF028400EC5167 /* Debug */ = {
			isa = XCBuildConfiguration;
			buildSettings = {
				ALWAYS_EMBED_SWIFT_STANDARD_LIBRARIES = YES;
				BUNDLE_LOADER = "$(TEST_HOST)";
				CODE_SIGN_STYLE = Automatic;
				CURRENT_PROJECT_VERSION = 1;
				GENERATE_INFOPLIST_FILE = YES;
				IPHONEOS_DEPLOYMENT_TARGET = 16.1;
				MARKETING_VERSION = 1.0;
				PRODUCT_BUNDLE_IDENTIFIER = com.tarikvillalobos.CurrencyConverterTests;
				PRODUCT_NAME = "$(TARGET_NAME)";
				SWIFT_EMIT_LOC_STRINGS = NO;
				SWIFT_VERSION = 5.0;
				TARGETED_DEVICE_FAMILY = "1,2";
				TEST_HOST = "$(BUILT_PRODUCTS_DIR)/CurrencyConverter.app/$(BUNDLE_EXECUTABLE_FOLDER_PATH)/CurrencyConverter";
			};
			name = Debug;
		};
		2B8C2A0629EF028400EC5167 /* Release */ = {
			isa = XCBuildConfiguration;
			buildSettings = {
				ALWAYS_EMBED_SWIFT_STANDARD_LIBRARIES = YES;
				BUNDLE_LOADER = "$(TEST_HOST)";
				CODE_SIGN_STYLE = Automatic;
				CURRENT_PROJECT_VERSION = 1;
				GENERATE_INFOPLIST_FILE = YES;
				IPHONEOS_DEPLOYMENT_TARGET = 16.1;
				MARKETING_VERSION = 1.0;
				PRODUCT_BUNDLE_IDENTIFIER = com.tarikvillalobos.CurrencyConverterTests;
				PRODUCT_NAME = "$(TARGET_NAME)";
				SWIFT_EMIT_LOC_STRINGS = NO;
				SWIFT_VERSION = 5.0;
				TARGETED_DEVICE_FAMILY = "1,2";
				TEST_HOST = "$(BUILT_PRODUCTS_DIR)/CurrencyConverter.app/$(BUNDLE_EXECUTABLE_FOLDER_PATH)/CurrencyConverter";
			};
			name = Release;
		};
		2B8C2A0829EF028400EC5167 /* Debug */ = {
			isa = XCBuildConfiguration;
			buildSettings = {
				ALWAYS_EMBED_SWIFT_STANDARD_LIBRARIES = YES;
				CODE_SIGN_STYLE = Automatic;
				CURRENT_PROJECT_VERSION = 1;
				GENERATE_INFOPLIST_FILE = YES;
				MARKETING_VERSION = 1.0;
				PRODUCT_BUNDLE_IDENTIFIER = com.tarikvillalobos.CurrencyConverterUITests;
				PRODUCT_NAME = "$(TARGET_NAME)";
				SWIFT_EMIT_LOC_STRINGS = NO;
				SWIFT_VERSION = 5.0;
				TARGETED_DEVICE_FAMILY = "1,2";
				TEST_TARGET_NAME = CurrencyConverter;
			};
			name = Debug;
		};
		2B8C2A0929EF028400EC5167 /* Release */ = {
			isa = XCBuildConfiguration;
			buildSettings = {
				ALWAYS_EMBED_SWIFT_STANDARD_LIBRARIES = YES;
				CODE_SIGN_STYLE = Automatic;
				CURRENT_PROJECT_VERSION = 1;
				GENERATE_INFOPLIST_FILE = YES;
				MARKETING_VERSION = 1.0;
				PRODUCT_BUNDLE_IDENTIFIER = com.tarikvillalobos.CurrencyConverterUITests;
				PRODUCT_NAME = "$(TARGET_NAME)";
				SWIFT_EMIT_LOC_STRINGS = NO;
				SWIFT_VERSION = 5.0;
				TARGETED_DEVICE_FAMILY = "1,2";
				TEST_TARGET_NAME = CurrencyConverter;
			};
			name = Release;
		};
/* End XCBuildConfiguration section */

/* Begin XCConfigurationList section */
		2B8C29D829EF028300EC5167 /* Build configuration list for PBXProject "CurrencyConverter" */ = {
			isa = XCConfigurationList;
			buildConfigurations = (
				2B8C29FF29EF028400EC5167 /* Debug */,
				2B8C2A0029EF028400EC5167 /* Release */,
			);
			defaultConfigurationIsVisible = 0;
			defaultConfigurationName = Release;
		};
		2B8C2A0129EF028400EC5167 /* Build configuration list for PBXNativeTarget "CurrencyConverter" */ = {
			isa = XCConfigurationList;
			buildConfigurations = (
				2B8C2A0229EF028400EC5167 /* Debug */,
				2B8C2A0329EF028400EC5167 /* Release */,
			);
			defaultConfigurationIsVisible = 0;
			defaultConfigurationName = Release;
		};
		2B8C2A0429EF028400EC5167 /* Build configuration list for PBXNativeTarget "CurrencyConverterTests" */ = {
			isa = XCConfigurationList;
			buildConfigurations = (
				2B8C2A0529EF028400EC5167 /* Debug */,
				2B8C2A0629EF028400EC5167 /* Release */,
			);
			defaultConfigurationIsVisible = 0;
			defaultConfigurationName = Release;
		};
		2B8C2A0729EF028400EC5167 /* Build configuration list for PBXNativeTarget "CurrencyConverterUITests" */ = {
			isa = XCConfigurationList;
			buildConfigurations = (
				2B8C2A0829EF028400EC5167 /* Debug */,
				2B8C2A0929EF028400EC5167 /* Release */,
			);
			defaultConfigurationIsVisible = 0;
			defaultConfigurationName = Release;
		};
/* End XCConfigurationList section */
	};
	rootObject = 2B8C29D529EF028300EC5167 /* Project object */;
}
